# generated by rye
# use `rye lock` or `rye sync` to update this lockfile
#
# last locked with the following flags:
#   pre: false
#   features: []
#   all-features: false
#   with-sources: false
#   generate-hashes: false
#   universal: false

-e file:.
annotated-types==0.7.0
    # via pydantic
anthropic==0.75.0
    # via birdie-buddy
anyio==4.12.0
    # via anthropic
    # via httpx
    # via openai
asgiref==3.8.1
    # via django
    # via django-htmx
azure-core==1.36.0
    # via azure-storage-blob
    # via django-storages
azure-storage-blob==12.27.1
    # via django-storages
bleach==6.3.0
    # via birdie-buddy
cachetools==6.2.2
    # via google-auth
certifi==2025.11.12
    # via httpcore
    # via httpx
    # via requests
cffi==2.0.0
    # via cryptography
charset-normalizer==3.4.4
    # via requests
cotton-heroicons==0.1.2
    # via birdie-buddy
crispy-tailwind==1.0.3
    # via birdie-buddy
cryptography==46.0.3
    # via azure-storage-blob
distro==1.9.0
    # via anthropic
    # via openai
django==5.1.4
    # via birdie-buddy
    # via cotton-heroicons
    # via crispy-tailwind
    # via django-cotton
    # via django-crispy-forms
    # via django-extensions
    # via django-htmx
    # via django-storages
django-cotton==2.1.2
    # via birdie-buddy
    # via cotton-heroicons
django-crispy-forms==2.3
    # via birdie-buddy
    # via crispy-tailwind
django-environ==0.12.0
    # via birdie-buddy
django-extensions==3.2.3
    # via birdie-buddy
django-htmx==1.21.0
    # via birdie-buddy
django-storages==1.14.6
    # via birdie-buddy
docstring-parser==0.17.0
    # via anthropic
google-api-core==2.28.1
    # via google-cloud-vision
google-auth==2.43.0
    # via google-api-core
    # via google-cloud-vision
google-cloud-vision==3.11.0
    # via birdie-buddy
googleapis-common-protos==1.72.0
    # via google-api-core
    # via grpcio-status
grpcio==1.76.0
    # via google-api-core
    # via google-cloud-vision
    # via grpcio-status
grpcio-status==1.76.0
    # via google-api-core
gunicorn==23.0.0
    # via birdie-buddy
h11==0.16.0
    # via httpcore
httpcore==1.0.9
    # via httpx
httpx==0.28.1
    # via anthropic
    # via openai
idna==3.11
    # via anyio
    # via httpx
    # via requests
isodate==0.7.2
    # via azure-storage-blob
jiter==0.12.0
    # via anthropic
    # via openai
markdown==3.10
    # via birdie-buddy
openai==2.9.0
    # via birdie-buddy
packaging==25.0
    # via gunicorn
pillow==12.0.0
    # via birdie-buddy
    # via pillow-heif
pillow-heif==1.1.1
    # via birdie-buddy
proto-plus==1.26.1
    # via google-api-core
    # via google-cloud-vision
protobuf==6.33.1
    # via google-api-core
    # via google-cloud-vision
    # via googleapis-common-protos
    # via grpcio-status
    # via proto-plus
psycopg2-binary==2.9.10
    # via birdie-buddy
pyasn1==0.6.1
    # via pyasn1-modules
    # via rsa
pyasn1-modules==0.4.2
    # via google-auth
pycparser==2.23
    # via cffi
pydantic==2.12.5
    # via anthropic
    # via openai
pydantic-core==2.41.5
    # via pydantic
requests==2.32.5
    # via azure-core
    # via birdie-buddy
    # via google-api-core
rsa==4.9.1
    # via google-auth
sniffio==1.3.1
    # via anthropic
    # via openai
sqlparse==0.5.3
    # via django
tqdm==4.67.1
    # via openai
typing-extensions==4.15.0
    # via anthropic
    # via anyio
    # via azure-core
    # via azure-storage-blob
    # via grpcio
    # via openai
    # via pydantic
    # via pydantic-core
    # via typing-inspection
typing-inspection==0.4.2
    # via pydantic
urllib3==2.5.0
    # via requests
webencodings==0.5.1
    # via bleach
