# generated by rye
# use `rye lock` or `rye sync` to update this lockfile
#
# last locked with the following flags:
#   pre: false
#   features: []
#   all-features: false
#   with-sources: false
#   generate-hashes: false
#   universal: false

-e file:.
asgiref==3.8.1
    # via django
    # via django-htmx
cotton-heroicons==0.1.2
    # via birdie-buddy
crispy-tailwind==1.0.3
    # via birdie-buddy
django==5.1.4
    # via birdie-buddy
    # via cotton-heroicons
    # via crispy-tailwind
    # via django-cotton
    # via django-crispy-forms
    # via django-extensions
    # via django-htmx
django-cotton==2.1.2
    # via birdie-buddy
    # via cotton-heroicons
django-crispy-forms==2.3
    # via birdie-buddy
    # via crispy-tailwind
django-environ==0.12.0
    # via birdie-buddy
django-extensions==3.2.3
    # via birdie-buddy
django-htmx==1.21.0
    # via birdie-buddy
psycopg2-binary==2.9.10
    # via birdie-buddy
sqlparse==0.5.3
    # via django
