# generated by rye
# use `rye lock` or `rye sync` to update this lockfile
#
# last locked with the following flags:
#   pre: false
#   features: []
#   all-features: false
#   with-sources: false
#   generate-hashes: false
#   universal: false

-e file:.
asgiref==3.8.1
    # via django
crispy-tailwind==1.0.3
    # via birdie-buddy
django==5.1.4
    # via birdie-buddy
    # via crispy-tailwind
    # via django-crispy-forms
django-crispy-forms==2.3
    # via birdie-buddy
    # via crispy-tailwind
sqlparse==0.5.3
    # via django
